# This file is generated by running "yarn install" inside your project.
# Manual changes might be lost - proceed with caution!

__metadata:
  version: 8
  cacheKey: 10c0

"@types/seedrandom@npm:^3":
  version: 3.0.8
  resolution: "@types/seedrandom@npm:3.0.8"
  checksum: 10c0/6efdf3df34cd447ee235794946097c73b3d595a43d3afcf8a7edf08bf1111e32372f77edfe37478ba857d1d712361aff7022a5043c98a816dceb11a0e30e251c
  languageName: node
  linkType: hard

"koishi-plugin-newmarksgame@workspace:.":
  version: 0.0.0-use.local
  resolution: "koishi-plugin-newmarksgame@workspace:."
  dependencies:
    "@types/seedrandom": "npm:^3"
    seedrandom: "npm:^3.0.5"
    simplex-noise: "npm:^4.0.3"
  peerDependencies:
    koishi: ^4.17.2
  languageName: unknown
  linkType: soft

"seedrandom@npm:^3.0.5":
  version: 3.0.5
  resolution: "seedrandom@npm:3.0.5"
  checksum: 10c0/929752ac098ff4990b3f8e0ac39136534916e72879d6eb625230141d20db26e2f44c4d03d153d457682e8cbaab0fb7d58a1e7267a157cf23fd8cf34e25044e88
  languageName: node
  linkType: hard

"simplex-noise@npm:^4.0.3":
  version: 4.0.3
  resolution: "simplex-noise@npm:4.0.3"
  checksum: 10c0/117b7f85abd90f3dc63817ed790705ff0fb50cb0bf396a8fc8fa1443265e4b2529429bb34992e43e7b27d6cacb9059f37fa52a37e59c52f51698ad0d3038d0f3
  languageName: node
  linkType: hard
